
Microsoft Visual Studio Solution File, Format Version 12.00
# Visual Studio Version 16
VisualStudioVersion = 16.0.34407.143
MinimumVisualStudioVersion = 10.0.40219.1
Project("{FAE04EC0-301F-11D3-BF4B-00C04F79EFBC}") = "Tarea1-E1", "Tarea1-E1\Tarea1-E1.csproj", "{4A2DDED1-6EC6-4952-8846-B5D336AFF4FA}"
EndProject
Project("{FAE04EC0-301F-11D3-BF4B-00C04F79EFBC}") = "Tarea1-E2", "Tarea1-E2\Tarea1-E2.csproj", "{139688C4-4C06-4C6A-9683-76D1329655B9}"
EndProject
Project("{FAE04EC0-301F-11D3-BF4B-00C04F79EFBC}") = "Tarea1-E3", "Tarea1-E3\Tarea1-E3.csproj", "{7572EB32-93A6-420C-AD21-FF2EF2311F76}"
EndProject
Project("{FAE04EC0-301F-11D3-BF4B-00C04F79EFBC}") = "Tarea1-E4", "Tarea1_E4\Tarea1-E4.csproj", "{CC15AC4A-2800-49B8-B2BE-9CF3FC332CC0}"
EndProject
Project("{FAE04EC0-301F-11D3-BF4B-00C04F79EFBC}") = "Tarea1-E5", "Tarea1-E5\Tarea1-E5.csproj", "{71B11A6C-BC44-4D20-AF22-B5FD63E912FE}"
EndProject
Global
	GlobalSection(SolutionConfigurationPlatforms) = preSolution
		Debug|Any CPU = Debug|Any CPU
		Release|Any CPU = Release|Any CPU
	EndGlobalSection
	GlobalSection(ProjectConfigurationPlatforms) = postSolution
		{4A2DDED1-6EC6-4952-8846-B5D336AFF4FA}.Debug|Any CPU.ActiveCfg = Debug|Any CPU
		{4A2DDED1-6EC6-4952-8846-B5D336AFF4FA}.Debug|Any CPU.Build.0 = Debug|Any CPU
		{4A2DDED1-6EC6-4952-8846-B5D336AFF4FA}.Release|Any CPU.ActiveCfg = Release|Any CPU
		{4A2DDED1-6EC6-4952-8846-B5D336AFF4FA}.Release|Any CPU.Build.0 = Release|Any CPU
		{139688C4-4C06-4C6A-9683-76D1329655B9}.Debug|Any CPU.ActiveCfg = Debug|Any CPU
		{139688C4-4C06-4C6A-9683-76D1329655B9}.Debug|Any CPU.Build.0 = Debug|Any CPU
		{139688C4-4C06-4C6A-9683-76D1329655B9}.Release|Any CPU.ActiveCfg = Release|Any CPU
		{139688C4-4C06-4C6A-9683-76D1329655B9}.Release|Any CPU.Build.0 = Release|Any CPU
		{7572EB32-93A6-420C-AD21-FF2EF2311F76}.Debug|Any CPU.ActiveCfg = Debug|Any CPU
		{7572EB32-93A6-420C-AD21-FF2EF2311F76}.Debug|Any CPU.Build.0 = Debug|Any CPU
		{7572EB32-93A6-420C-AD21-FF2EF2311F76}.Release|Any CPU.ActiveCfg = Release|Any CPU
		{7572EB32-93A6-420C-AD21-FF2EF2311F76}.Release|Any CPU.Build.0 = Release|Any CPU
		{CC15AC4A-2800-49B8-B2BE-9CF3FC332CC0}.Debug|Any CPU.ActiveCfg = Debug|Any CPU
		{CC15AC4A-2800-49B8-B2BE-9CF3FC332CC0}.Debug|Any CPU.Build.0 = Debug|Any CPU
		{CC15AC4A-2800-49B8-B2BE-9CF3FC332CC0}.Release|Any CPU.ActiveCfg = Release|Any CPU
		{CC15AC4A-2800-49B8-B2BE-9CF3FC332CC0}.Release|Any CPU.Build.0 = Release|Any CPU
		{71B11A6C-BC44-4D20-AF22-B5FD63E912FE}.Debug|Any CPU.ActiveCfg = Debug|Any CPU
		{71B11A6C-BC44-4D20-AF22-B5FD63E912FE}.Debug|Any CPU.Build.0 = Debug|Any CPU
		{71B11A6C-BC44-4D20-AF22-B5FD63E912FE}.Release|Any CPU.ActiveCfg = Release|Any CPU
		{71B11A6C-BC44-4D20-AF22-B5FD63E912FE}.Release|Any CPU.Build.0 = Release|Any CPU
	EndGlobalSection
	GlobalSection(SolutionProperties) = preSolution
		HideSolutionNode = FALSE
	EndGlobalSection
	GlobalSection(ExtensibilityGlobals) = postSolution
		SolutionGuid = {F1787E14-A25B-4E9A-A95E-BAC343AD145D}
	EndGlobalSection
EndGlobal
